
Microsoft Visual Studio Solution File, Format Version 12.00
# Visual Studio Version 17
VisualStudioVersion = 17.5.002.0
MinimumVisualStudioVersion = 10.0.40219.1
Project("{9A19103F-16F7-4668-BE54-9A1E7A4F7556}") = "Maze-Project", "Maze-Project.csproj", "{91203C70-EAFD-44A2-AF4F-5BCD6897C5B3}"
EndProject
Global
	GlobalSection(SolutionConfigurationPlatforms) = preSolution
		Debug|Any CPU = Debug|Any CPU
		Release|Any CPU = Release|Any CPU
	EndGlobalSection
	GlobalSection(ProjectConfigurationPlatforms) = postSolution
		{91203C70-EAFD-44A2-AF4F-5BCD6897C5B3}.Debug|Any CPU.ActiveCfg = Debug|Any CPU
		{91203C70-EAFD-44A2-AF4F-5BCD6897C5B3}.Debug|Any CPU.Build.0 = Debug|Any CPU
		{91203C70-EAFD-44A2-AF4F-5BCD6897C5B3}.Release|Any CPU.ActiveCfg = Release|Any CPU
		{91203C70-EAFD-44A2-AF4F-5BCD6897C5B3}.Release|Any CPU.Build.0 = Release|Any CPU
	EndGlobalSection
	GlobalSection(SolutionProperties) = preSolution
		HideSolutionNode = FALSE
	EndGlobalSection
	GlobalSection(ExtensibilityGlobals) = postSolution
		SolutionGuid = {33852724-F00D-423E-95EC-A74D2A979140}
	EndGlobalSection
EndGlobal
